
Microsoft Visual Studio Solution File, Format Version 12.00
# Visual Studio Version 16
VisualStudioVersion = 16.0.31702.278
MinimumVisualStudioVersion = 10.0.40219.1
Project("{9A19103F-16F7-4668-BE54-9A1E7A4F7556}") = "EasyModbus_V5.0", "..\..\..\Desktop\dll modbus\EasyModbusTCP.NET-master\EasyModbusTCP.NET-master\EasyModbus_NET5\EasyModbus_V5.0.csproj", "{1B71D24F-EF0A-4923-8CF9-5DA5F31ABF02}"
EndProject
Project("{FAE04EC0-301F-11D3-BF4B-00C04F79EFBC}") = "ModbustProro", "ModbustProro\ModbustProro.csproj", "{84CA21C7-4768-4897-B796-17FB7AD0FCF9}"
EndProject
Global
	GlobalSection(SolutionConfigurationPlatforms) = preSolution
		Debug|Any CPU = Debug|Any CPU
		Release|Any CPU = Release|Any CPU
	EndGlobalSection
	GlobalSection(ProjectConfigurationPlatforms) = postSolution
		{1B71D24F-EF0A-4923-8CF9-5DA5F31ABF02}.Debug|Any CPU.ActiveCfg = Debug|Any CPU
		{1B71D24F-EF0A-4923-8CF9-5DA5F31ABF02}.Debug|Any CPU.Build.0 = Debug|Any CPU
		{1B71D24F-EF0A-4923-8CF9-5DA5F31ABF02}.Release|Any CPU.ActiveCfg = Release|Any CPU
		{1B71D24F-EF0A-4923-8CF9-5DA5F31ABF02}.Release|Any CPU.Build.0 = Release|Any CPU
		{84CA21C7-4768-4897-B796-17FB7AD0FCF9}.Debug|Any CPU.ActiveCfg = Debug|Any CPU
		{84CA21C7-4768-4897-B796-17FB7AD0FCF9}.Debug|Any CPU.Build.0 = Debug|Any CPU
		{84CA21C7-4768-4897-B796-17FB7AD0FCF9}.Release|Any CPU.ActiveCfg = Release|Any CPU
		{84CA21C7-4768-4897-B796-17FB7AD0FCF9}.Release|Any CPU.Build.0 = Release|Any CPU
	EndGlobalSection
	GlobalSection(SolutionProperties) = preSolution
		HideSolutionNode = FALSE
	EndGlobalSection
	GlobalSection(ExtensibilityGlobals) = postSolution
		SolutionGuid = {4F0FDA01-4D0D-42E9-BBBF-A230AFB6CE57}
	EndGlobalSection
EndGlobal
